// !$*UTF8*$!
{
	archiveVersion = 1;
	classes = {
	};
	objectVersion = 46;
	objects = {

/* Begin PBXBuildFile section */
		1AEE8D61154EC82C00B8C0D7 /* UIKit.framework in Frameworks */ = {isa = PBXBuildFile; fileRef = 1AEE8D60154EC82C00B8C0D7 /* UIKit.framework */; };
		1AEE8D63154EC82C00B8C0D7 /* Foundation.framework in Frameworks */ = {isa = PBXBuildFile; fileRef = 1AEE8D62154EC82C00B8C0D7 /* Foundation.framework */; };
		1AEE8D65154EC82C00B8C0D7 /* CoreGraphics.framework in Frameworks */ = {isa = PBXBuildFile; fileRef = 1AEE8D64154EC82C00B8C0D7 /* CoreGraphics.framework */; };
		1AEE8D6B154EC82C00B8C0D7 /* InfoPlist.strings in Resources */ = {isa = PBXBuildFile; fileRef = 1AEE8D69154EC82C00B8C0D7 /* InfoPlist.strings */; };
		1AEE8D6D154EC82C00B8C0D7 /* main.m in Sources */ = {isa = PBXBuildFile; fileRef = 1AEE8D6C154EC82C00B8C0D7 /* main.m */; };
		1AEE8D71154EC82C00B8C0D7 /* __class_prefix__AppDelegate.m in Sources */ = {isa = PBXBuildFile; fileRef = 1AEE8D70154EC82C00B8C0D7 /* __class_prefix__AppDelegate.m */; };
		1AEE8D74154EC82C00B8C0D7 /* __class_prefix__MasterViewController.m in Sources */ = {isa = PBXBuildFile; fileRef = 1AEE8D73154EC82C00B8C0D7 /* __class_prefix__MasterViewController.m */; };
		1AEE8D77154EC82C00B8C0D7 /* __class_prefix__DetailViewController.m in Sources */ = {isa = PBXBuildFile; fileRef = 1AEE8D76154EC82C00B8C0D7 /* __class_prefix__DetailViewController.m */; };
		1AEE8D7A154EC82C00B8C0D7 /* __class_prefix__MasterViewController_iPhone.xib in Resources */ = {isa = PBXBuildFile; fileRef = 1AEE8D78154EC82C00B8C0D7 /* __class_prefix__MasterViewController_iPhone.xib */; };
		1AEE8D7D154EC82C00B8C0D7 /* __class_prefix__MasterViewController_iPad.xib in Resources */ = {isa = PBXBuildFile; fileRef = 1AEE8D7B154EC82C00B8C0D7 /* __class_prefix__MasterViewController_iPad.xib */; };
		1AEE8D80154EC82C00B8C0D7 /* __class_prefix__DetailViewController_iPhone.xib in Resources */ = {isa = PBXBuildFile; fileRef = 1AEE8D7E154EC82C00B8C0D7 /* __class_prefix__DetailViewController_iPhone.xib */; };
		1AEE8D83154EC82C00B8C0D7 /* __class_prefix__DetailViewController_iPad.xib in Resources */ = {isa = PBXBuildFile; fileRef = 1AEE8D81154EC82C00B8C0D7 /* __class_prefix__DetailViewController_iPad.xib */; };
		1AEE8D8B154EC82C00B8C0D7 /* SenTestingKit.framework in Frameworks */ = {isa = PBXBuildFile; fileRef = 1AEE8D8A154EC82C00B8C0D7 /* SenTestingKit.framework */; };
		1AEE8D8C154EC82C00B8C0D7 /* UIKit.framework in Frameworks */ = {isa = PBXBuildFile; fileRef = 1AEE8D60154EC82C00B8C0D7 /* UIKit.framework */; };
		1AEE8D8D154EC82C00B8C0D7 /* Foundation.framework in Frameworks */ = {isa = PBXBuildFile; fileRef = 1AEE8D62154EC82C00B8C0D7 /* Foundation.framework */; };
		1AEE8D95154EC82C00B8C0D7 /* InfoPlist.strings in Resources */ = {isa = PBXBuildFile; fileRef = 1AEE8D93154EC82C00B8C0D7 /* InfoPlist.strings */; };
		1AEE8D98154EC82C00B8C0D7 /* __project_name__Tests.m in Sources */ = {isa = PBXBuildFile; fileRef = 1AEE8D97154EC82C00B8C0D7 /* __project_name__Tests.m */; };
		1AEE8DA7154ECA9600B8C0D7 /* KirinKit.framework in Frameworks */ = {isa = PBXBuildFile; fileRef = 1AEE8DA6154ECA9600B8C0D7 /* KirinKit.framework */; };
		1AEE8DA9154ECBF700B8C0D7 /* libsqlite3.0.dylib in Frameworks */ = {isa = PBXBuildFile; fileRef = 1AEE8DA8154ECBF700B8C0D7 /* libsqlite3.0.dylib */; };
		1AEE8DAB154ECC0B00B8C0D7 /* MobileCoreServices.framework in Frameworks */ = {isa = PBXBuildFile; fileRef = 1AEE8DAA154ECC0B00B8C0D7 /* MobileCoreServices.framework */; };
		1AEE8DAE154ECC4C00B8C0D7 /* CoreLocation.framework in Frameworks */ = {isa = PBXBuildFile; fileRef = 1AEE8DAC154ECC2900B8C0D7 /* CoreLocation.framework */; };
		1AEE8DBA154EEF8000B8C0D7 /* generated-javascript in Resources */ = {isa = PBXBuildFile; fileRef = 1AEE8DB9154EEF8000B8C0D7 /* generated-javascript */; };
/* End PBXBuildFile section */

/* Begin PBXContainerItemProxy section */
		1AEE8D8E154EC82C00B8C0D7 /* PBXContainerItemProxy */ = {
			isa = PBXContainerItemProxy;
			containerPortal = 1AEE8D53154EC82C00B8C0D7 /* Project object */;
			proxyType = 1;
			remoteGlobalIDString = 1AEE8D5B154EC82C00B8C0D7;
			remoteInfo = __project_name__;
		};
/* End PBXContainerItemProxy section */

/* Begin PBXFileReference section */
		1AEE8D5C154EC82C00B8C0D7 /* __project_name__.app */ = {isa = PBXFileReference; explicitFileType = wrapper.application; includeInIndex = 0; path = __project_name__.app; sourceTree = BUILT_PRODUCTS_DIR; };
		1AEE8D60154EC82C00B8C0D7 /* UIKit.framework */ = {isa = PBXFileReference; lastKnownFileType = wrapper.framework; name = UIKit.framework; path = System/Library/Frameworks/UIKit.framework; sourceTree = SDKROOT; };
		1AEE8D62154EC82C00B8C0D7 /* Foundation.framework */ = {isa = PBXFileReference; lastKnownFileType = wrapper.framework; name = Foundation.framework; path = System/Library/Frameworks/Foundation.framework; sourceTree = SDKROOT; };
		1AEE8D64154EC82C00B8C0D7 /* CoreGraphics.framework */ = {isa = PBXFileReference; lastKnownFileType = wrapper.framework; name = CoreGraphics.framework; path = System/Library/Frameworks/CoreGraphics.framework; sourceTree = SDKROOT; };
		1AEE8D68154EC82C00B8C0D7 /* __project_name__-Info.plist */ = {isa = PBXFileReference; lastKnownFileType = text.plist.xml; path = "__project_name__-Info.plist"; sourceTree = "<group>"; };
		1AEE8D6A154EC82C00B8C0D7 /* en */ = {isa = PBXFileReference; lastKnownFileType = text.plist.strings; name = en; path = en.lproj/InfoPlist.strings; sourceTree = "<group>"; };
		1AEE8D6C154EC82C00B8C0D7 /* main.m */ = {isa = PBXFileReference; lastKnownFileType = sourcecode.c.objc; path = main.m; sourceTree = "<group>"; };
		1AEE8D6E154EC82C00B8C0D7 /* __project_name__-Prefix.pch */ = {isa = PBXFileReference; lastKnownFileType = sourcecode.c.h; path = "__project_name__-Prefix.pch"; sourceTree = "<group>"; };
		1AEE8D6F154EC82C00B8C0D7 /* __class_prefix__AppDelegate.h */ = {isa = PBXFileReference; lastKnownFileType = sourcecode.c.h; path = __class_prefix__AppDelegate.h; sourceTree = "<group>"; };
		1AEE8D70154EC82C00B8C0D7 /* __class_prefix__AppDelegate.m */ = {isa = PBXFileReference; lastKnownFileType = sourcecode.c.objc; path = __class_prefix__AppDelegate.m; sourceTree = "<group>"; };
		1AEE8D72154EC82C00B8C0D7 /* __class_prefix__MasterViewController.h */ = {isa = PBXFileReference; lastKnownFileType = sourcecode.c.h; path = __class_prefix__MasterViewController.h; sourceTree = "<group>"; };
		1AEE8D73154EC82C00B8C0D7 /* __class_prefix__MasterViewController.m */ = {isa = PBXFileReference; lastKnownFileType = sourcecode.c.objc; path = __class_prefix__MasterViewController.m; sourceTree = "<group>"; };
		1AEE8D75154EC82C00B8C0D7 /* __class_prefix__DetailViewController.h */ = {isa = PBXFileReference; lastKnownFileType = sourcecode.c.h; path = __class_prefix__DetailViewController.h; sourceTree = "<group>"; };
		1AEE8D76154EC82C00B8C0D7 /* __class_prefix__DetailViewController.m */ = {isa = PBXFileReference; lastKnownFileType = sourcecode.c.objc; path = __class_prefix__DetailViewController.m; sourceTree = "<group>"; };
		1AEE8D79154EC82C00B8C0D7 /* en */ = {isa = PBXFileReference; lastKnownFileType = file.xib; name = en; path = en.lproj/__class_prefix__MasterViewController_iPhone.xib; sourceTree = "<group>"; };
		1AEE8D7C154EC82C00B8C0D7 /* en */ = {isa = PBXFileReference; lastKnownFileType = file.xib; name = en; path = en.lproj/__class_prefix__MasterViewController_iPad.xib; sourceTree = "<group>"; };
		1AEE8D7F154EC82C00B8C0D7 /* en */ = {isa = PBXFileReference; lastKnownFileType = file.xib; name = en; path = en.lproj/__class_prefix__DetailViewController_iPhone.xib; sourceTree = "<group>"; };
		1AEE8D82154EC82C00B8C0D7 /* en */ = {isa = PBXFileReference; lastKnownFileType = file.xib; name = en; path = en.lproj/__class_prefix__DetailViewController_iPad.xib; sourceTree = "<group>"; };
		1AEE8D89154EC82C00B8C0D7 /* __project_name__Tests.octest */ = {isa = PBXFileReference; explicitFileType = wrapper.cfbundle; includeInIndex = 0; path = __project_name__Tests.octest; sourceTree = BUILT_PRODUCTS_DIR; };
		1AEE8D8A154EC82C00B8C0D7 /* SenTestingKit.framework */ = {isa = PBXFileReference; lastKnownFileType = wrapper.framework; name = SenTestingKit.framework; path = Library/Frameworks/SenTestingKit.framework; sourceTree = DEVELOPER_DIR; };
		1AEE8D92154EC82C00B8C0D7 /* __project_name__Tests-Info.plist */ = {isa = PBXFileReference; lastKnownFileType = text.plist.xml; path = "__project_name__Tests-Info.plist"; sourceTree = "<group>"; };
		1AEE8D94154EC82C00B8C0D7 /* en */ = {isa = PBXFileReference; lastKnownFileType = text.plist.strings; name = en; path = en.lproj/InfoPlist.strings; sourceTree = "<group>"; };
		1AEE8D96154EC82C00B8C0D7 /* __project_name__Tests.h */ = {isa = PBXFileReference; lastKnownFileType = sourcecode.c.h; path = __project_name__Tests.h; sourceTree = "<group>"; };
		1AEE8D97154EC82C00B8C0D7 /* __project_name__Tests.m */ = {isa = PBXFileReference; lastKnownFileType = sourcecode.c.objc; path = __project_name__Tests.m; sourceTree = "<group>"; };
		1AEE8DA6154ECA9600B8C0D7 /* KirinKit.framework */ = {isa = PBXFileReference; lastKnownFileType = wrapper.framework; name = KirinKit.framework; path = "platforms/ios/KirinKit/build/Debug-iphoneos/KirinKit.framework"; sourceTree = KIRIN_HOME; };
		1AEE8DA8154ECBF700B8C0D7 /* libsqlite3.0.dylib */ = {isa = PBXFileReference; lastKnownFileType = "compiled.mach-o.dylib"; name = libsqlite3.0.dylib; path = usr/lib/libsqlite3.0.dylib; sourceTree = SDKROOT; };
		1AEE8DAA154ECC0B00B8C0D7 /* MobileCoreServices.framework */ = {isa = PBXFileReference; lastKnownFileType = wrapper.framework; name = MobileCoreServices.framework; path = System/Library/Frameworks/MobileCoreServices.framework; sourceTree = SDKROOT; };
		1AEE8DAC154ECC2900B8C0D7 /* CoreLocation.framework */ = {isa = PBXFileReference; lastKnownFileType = wrapper.framework; name = CoreLocation.framework; path = System/Library/Frameworks/CoreLocation.framework; sourceTree = SDKROOT; };
		1AEE8DB5154ECEBF00B8C0D7 /* __class_prefix__MasterScreen.h */ = {isa = PBXFileReference; lastKnownFileType = sourcecode.c.h; path = __class_prefix__MasterScreen.h; sourceTree = "<group>"; };
		1AEE8DB6154ED25B00B8C0D7 /* __class_prefix__MasterModule.h */ = {isa = PBXFileReference; lastKnownFileType = sourcecode.c.h; path = __class_prefix__MasterModule.h; sourceTree = "<group>"; };
		1AEE8DB9154EEF8000B8C0D7 /* generated-javascript */ = {isa = PBXFileReference; lastKnownFileType = folder; path = "generated-javascript"; sourceTree = "<group>"; };
/* End PBXFileReference section */

/* Begin PBXFrameworksBuildPhase section */
		1AEE8D59154EC82C00B8C0D7 /* Frameworks */ = {
			isa = PBXFrameworksBuildPhase;
			buildActionMask = 2147483647;
			files = (
				1AEE8DAE154ECC4C00B8C0D7 /* CoreLocation.framework in Frameworks */,
				1AEE8DAB154ECC0B00B8C0D7 /* MobileCoreServices.framework in Frameworks */,
				1AEE8DA9154ECBF700B8C0D7 /* libsqlite3.0.dylib in Frameworks */,
				1AEE8DA7154ECA9600B8C0D7 /* KirinKit.framework in Frameworks */,
				1AEE8D61154EC82C00B8C0D7 /* UIKit.framework in Frameworks */,
				1AEE8D63154EC82C00B8C0D7 /* Foundation.framework in Frameworks */,
				1AEE8D65154EC82C00B8C0D7 /* CoreGraphics.framework in Frameworks */,
			);
			runOnlyForDeploymentPostprocessing = 0;
		};
		1AEE8D85154EC82C00B8C0D7 /* Frameworks */ = {
			isa = PBXFrameworksBuildPhase;
			buildActionMask = 2147483647;
			files = (
				1AEE8D8B154EC82C00B8C0D7 /* SenTestingKit.framework in Frameworks */,
				1AEE8D8C154EC82C00B8C0D7 /* UIKit.framework in Frameworks */,
				1AEE8D8D154EC82C00B8C0D7 /* Foundation.framework in Frameworks */,
			);
			runOnlyForDeploymentPostprocessing = 0;
		};
/* End PBXFrameworksBuildPhase section */

/* Begin PBXGroup section */
		1AEE8D51154EC82C00B8C0D7 = {
			isa = PBXGroup;
			children = (
				1AEE8DB9154EEF8000B8C0D7 /* generated-javascript */,
				1AEE8D66154EC82C00B8C0D7 /* __project_name__ */,
				1AEE8D90154EC82C00B8C0D7 /* __project_name__Tests */,
				1AEE8D5F154EC82C00B8C0D7 /* Frameworks */,
				1AEE8D5D154EC82C00B8C0D7 /* Products */,
			);
			sourceTree = "<group>";
		};
		1AEE8D5D154EC82C00B8C0D7 /* Products */ = {
			isa = PBXGroup;
			children = (
				1AEE8D5C154EC82C00B8C0D7 /* __project_name__.app */,
				1AEE8D89154EC82C00B8C0D7 /* __project_name__Tests.octest */,
			);
			name = Products;
			sourceTree = "<group>";
		};
		1AEE8D5F154EC82C00B8C0D7 /* Frameworks */ = {
			isa = PBXGroup;
			children = (
				1AEE8DAC154ECC2900B8C0D7 /* CoreLocation.framework */,
				1AEE8DAA154ECC0B00B8C0D7 /* MobileCoreServices.framework */,
				1AEE8DA8154ECBF700B8C0D7 /* libsqlite3.0.dylib */,
				1AEE8DA6154ECA9600B8C0D7 /* KirinKit.framework */,
				1AEE8D60154EC82C00B8C0D7 /* UIKit.framework */,
				1AEE8D62154EC82C00B8C0D7 /* Foundation.framework */,
				1AEE8D64154EC82C00B8C0D7 /* CoreGraphics.framework */,
				1AEE8D8A154EC82C00B8C0D7 /* SenTestingKit.framework */,
			);
			name = Frameworks;
			sourceTree = "<group>";
		};
		1AEE8D66154EC82C00B8C0D7 /* __project_name__ */ = {
			isa = PBXGroup;
			children = (
				1AEE8DB4154ECDDB00B8C0D7 /* Presenter protocols */,
				1AEE8DB3154ECD9E00B8C0D7 /* Application logic protocols */,
				1AEE8D6F154EC82C00B8C0D7 /* __class_prefix__AppDelegate.h */,
				1AEE8D70154EC82C00B8C0D7 /* __class_prefix__AppDelegate.m */,
				1AEE8D72154EC82C00B8C0D7 /* __class_prefix__MasterViewController.h */,
				1AEE8D73154EC82C00B8C0D7 /* __class_prefix__MasterViewController.m */,
				1AEE8D75154EC82C00B8C0D7 /* __class_prefix__DetailViewController.h */,
				1AEE8D76154EC82C00B8C0D7 /* __class_prefix__DetailViewController.m */,
				1AEE8D78154EC82C00B8C0D7 /* __class_prefix__MasterViewController_iPhone.xib */,
				1AEE8D7B154EC82C00B8C0D7 /* __class_prefix__MasterViewController_iPad.xib */,
				1AEE8D7E154EC82C00B8C0D7 /* __class_prefix__DetailViewController_iPhone.xib */,
				1AEE8D81154EC82C00B8C0D7 /* __class_prefix__DetailViewController_iPad.xib */,
				1AEE8D67154EC82C00B8C0D7 /* Supporting Files */,
			);
			path = __project_name__;
			sourceTree = "<group>";
		};
		1AEE8D67154EC82C00B8C0D7 /* Supporting Files */ = {
			isa = PBXGroup;
			children = (
				1AEE8D68154EC82C00B8C0D7 /* __project_name__-Info.plist */,
				1AEE8D69154EC82C00B8C0D7 /* InfoPlist.strings */,
				1AEE8D6C154EC82C00B8C0D7 /* main.m */,
				1AEE8D6E154EC82C00B8C0D7 /* __project_name__-Prefix.pch */,
			);
			name = "Supporting Files";
			sourceTree = "<group>";
		};
		1AEE8D90154EC82C00B8C0D7 /* __project_name__Tests */ = {
			isa = PBXGroup;
			children = (
				1AEE8D96154EC82C00B8C0D7 /* __project_name__Tests.h */,
				1AEE8D97154EC82C00B8C0D7 /* __project_name__Tests.m */,
				1AEE8D91154EC82C00B8C0D7 /* Supporting Files */,
			);
			path = __project_name__Tests;
			sourceTree = "<group>";
		};
		1AEE8D91154EC82C00B8C0D7 /* Supporting Files */ = {
			isa = PBXGroup;
			children = (
				1AEE8D92154EC82C00B8C0D7 /* __project_name__Tests-Info.plist */,
				1AEE8D93154EC82C00B8C0D7 /* InfoPlist.strings */,
			);
			name = "Supporting Files";
			sourceTree = "<group>";
		};
		1AEE8DB3154ECD9E00B8C0D7 /* Application logic protocols */ = {
			isa = PBXGroup;
			children = (
				1AEE8DB6154ED25B00B8C0D7 /* __class_prefix__MasterModule.h */,
			);
			name = "Application logic protocols";
			sourceTree = "<group>";
		};
		1AEE8DB4154ECDDB00B8C0D7 /* Presenter protocols */ = {
			isa = PBXGroup;
			children = (
				1AEE8DB5154ECEBF00B8C0D7 /* __class_prefix__MasterScreen.h */,
			);
			name = "Presenter protocols";
			sourceTree = "<group>";
		};
/* End PBXGroup section */

/* Begin PBXNativeTarget section */
		1AEE8D5B154EC82C00B8C0D7 /* __project_name__ */ = {
			isa = PBXNativeTarget;
			buildConfigurationList = 1AEE8D9B154EC82C00B8C0D7 /* Build configuration list for PBXNativeTarget "__project_name__" */;
			buildPhases = (
				1AEE8DB7154EE10300B8C0D7 /* ShellScript */,
				1AEE8D58154EC82C00B8C0D7 /* Sources */,
				1AEE8D59154EC82C00B8C0D7 /* Frameworks */,
				1AEE8D5A154EC82C00B8C0D7 /* Resources */,
			);
			buildRules = (
			);
			dependencies = (
			);
			name = __project_name__;
			productName = __project_name__;
			productReference = 1AEE8D5C154EC82C00B8C0D7 /* __project_name__.app */;
			productType = "com.apple.product-type.application";
		};
		1AEE8D88154EC82C00B8C0D7 /* __project_name__Tests */ = {
			isa = PBXNativeTarget;
			buildConfigurationList = 1AEE8D9E154EC82C00B8C0D7 /* Build configuration list for PBXNativeTarget "__project_name__Tests" */;
			buildPhases = (
				1AEE8D84154EC82C00B8C0D7 /* Sources */,
				1AEE8D85154EC82C00B8C0D7 /* Frameworks */,
				1AEE8D86154EC82C00B8C0D7 /* Resources */,
				1AEE8D87154EC82C00B8C0D7 /* ShellScript */,
			);
			buildRules = (
			);
			dependencies = (
				1AEE8D8F154EC82C00B8C0D7 /* PBXTargetDependency */,
			);
			name = __project_name__Tests;
			productName = __project_name__Tests;
			productReference = 1AEE8D89154EC82C00B8C0D7 /* __project_name__Tests.octest */;
			productType = "com.apple.product-type.bundle";
		};
/* End PBXNativeTarget section */

/* Begin PBXProject section */
		1AEE8D53154EC82C00B8C0D7 /* Project object */ = {
			isa = PBXProject;
			attributes = {
				CLASSPREFIX = __class_prefix__;
				LastUpgradeCheck = 0430;
			};
			buildConfigurationList = 1AEE8D56154EC82C00B8C0D7 /* Build configuration list for PBXProject "__project_name__" */;
			compatibilityVersion = "Xcode 3.2";
			developmentRegion = English;
			hasScannedForEncodings = 0;
			knownRegions = (
				en,
			);
			mainGroup = 1AEE8D51154EC82C00B8C0D7;
			productRefGroup = 1AEE8D5D154EC82C00B8C0D7 /* Products */;
			projectDirPath = "";
			projectRoot = "";
			targets = (
				1AEE8D5B154EC82C00B8C0D7 /* __project_name__ */,
				1AEE8D88154EC82C00B8C0D7 /* __project_name__Tests */,
			);
		};
/* End PBXProject section */

/* Begin PBXResourcesBuildPhase section */
		1AEE8D5A154EC82C00B8C0D7 /* Resources */ = {
			isa = PBXResourcesBuildPhase;
			buildActionMask = 2147483647;
			files = (
				1AEE8D6B154EC82C00B8C0D7 /* InfoPlist.strings in Resources */,
				1AEE8D7A154EC82C00B8C0D7 /* __class_prefix__MasterViewController_iPhone.xib in Resources */,
				1AEE8D7D154EC82C00B8C0D7 /* __class_prefix__MasterViewController_iPad.xib in Resources */,
				1AEE8D80154EC82C00B8C0D7 /* __class_prefix__DetailViewController_iPhone.xib in Resources */,
				1AEE8D83154EC82C00B8C0D7 /* __class_prefix__DetailViewController_iPad.xib in Resources */,
				1AEE8DBA154EEF8000B8C0D7 /* generated-javascript in Resources */,
			);
			runOnlyForDeploymentPostprocessing = 0;
		};
		1AEE8D86154EC82C00B8C0D7 /* Resources */ = {
			isa = PBXResourcesBuildPhase;
			buildActionMask = 2147483647;
			files = (
				1AEE8D95154EC82C00B8C0D7 /* InfoPlist.strings in Resources */,
			);
			runOnlyForDeploymentPostprocessing = 0;
		};
/* End PBXResourcesBuildPhase section */

/* Begin PBXShellScriptBuildPhase section */
		1AEE8D87154EC82C00B8C0D7 /* ShellScript */ = {
			isa = PBXShellScriptBuildPhase;
			buildActionMask = 2147483647;
			files = (
			);
			inputPaths = (
			);
			outputPaths = (
			);
			runOnlyForDeploymentPostprocessing = 0;
			shellPath = /bin/sh;
			shellScript = "# Run the unit tests in this test bundle.\n\"${SYSTEM_DEVELOPER_DIR}/Tools/RunUnitTests\"\n";
		};
		1AEE8DB7154EE10300B8C0D7 /* ShellScript */ = {
			isa = PBXShellScriptBuildPhase;
			buildActionMask = 2147483647;
			files = (
			);
			inputPaths = (
			);
			outputPaths = (
			);
			runOnlyForDeploymentPostprocessing = 0;
			shellPath = /bin/sh;
			shellScript = "$HOME/bin/kirin-build --platform ios --build-type $KIRIN_BUILD_TYPE";
		};
/* End PBXShellScriptBuildPhase section */

/* Begin PBXSourcesBuildPhase section */
		1AEE8D58154EC82C00B8C0D7 /* Sources */ = {
			isa = PBXSourcesBuildPhase;
			buildActionMask = 2147483647;
			files = (
				1AEE8D6D154EC82C00B8C0D7 /* main.m in Sources */,
				1AEE8D71154EC82C00B8C0D7 /* __class_prefix__AppDelegate.m in Sources */,
				1AEE8D74154EC82C00B8C0D7 /* __class_prefix__MasterViewController.m in Sources */,
				1AEE8D77154EC82C00B8C0D7 /* __class_prefix__DetailViewController.m in Sources */,
			);
			runOnlyForDeploymentPostprocessing = 0;
		};
		1AEE8D84154EC82C00B8C0D7 /* Sources */ = {
			isa = PBXSourcesBuildPhase;
			buildActionMask = 2147483647;
			files = (
				1AEE8D98154EC82C00B8C0D7 /* __project_name__Tests.m in Sources */,
			);
			runOnlyForDeploymentPostprocessing = 0;
		};
/* End PBXSourcesBuildPhase section */

/* Begin PBXTargetDependency section */
		1AEE8D8F154EC82C00B8C0D7 /* PBXTargetDependency */ = {
			isa = PBXTargetDependency;
			target = 1AEE8D5B154EC82C00B8C0D7 /* __project_name__ */;
			targetProxy = 1AEE8D8E154EC82C00B8C0D7 /* PBXContainerItemProxy */;
		};
/* End PBXTargetDependency section */

/* Begin PBXVariantGroup section */
		1AEE8D69154EC82C00B8C0D7 /* InfoPlist.strings */ = {
			isa = PBXVariantGroup;
			children = (
				1AEE8D6A154EC82C00B8C0D7 /* en */,
			);
			name = InfoPlist.strings;
			sourceTree = "<group>";
		};
		1AEE8D78154EC82C00B8C0D7 /* __class_prefix__MasterViewController_iPhone.xib */ = {
			isa = PBXVariantGroup;
			children = (
				1AEE8D79154EC82C00B8C0D7 /* en */,
			);
			name = __class_prefix__MasterViewController_iPhone.xib;
			sourceTree = "<group>";
		};
		1AEE8D7B154EC82C00B8C0D7 /* __class_prefix__MasterViewController_iPad.xib */ = {
			isa = PBXVariantGroup;
			children = (
				1AEE8D7C154EC82C00B8C0D7 /* en */,
			);
			name = __class_prefix__MasterViewController_iPad.xib;
			sourceTree = "<group>";
		};
		1AEE8D7E154EC82C00B8C0D7 /* __class_prefix__DetailViewController_iPhone.xib */ = {
			isa = PBXVariantGroup;
			children = (
				1AEE8D7F154EC82C00B8C0D7 /* en */,
			);
			name = __class_prefix__DetailViewController_iPhone.xib;
			sourceTree = "<group>";
		};
		1AEE8D81154EC82C00B8C0D7 /* __class_prefix__DetailViewController_iPad.xib */ = {
			isa = PBXVariantGroup;
			children = (
				1AEE8D82154EC82C00B8C0D7 /* en */,
			);
			name = __class_prefix__DetailViewController_iPad.xib;
			sourceTree = "<group>";
		};
		1AEE8D93154EC82C00B8C0D7 /* InfoPlist.strings */ = {
			isa = PBXVariantGroup;
			children = (
				1AEE8D94154EC82C00B8C0D7 /* en */,
			);
			name = InfoPlist.strings;
			sourceTree = "<group>";
		};
/* End PBXVariantGroup section */

/* Begin XCBuildConfiguration section */
		1AEE8D99154EC82C00B8C0D7 /* Debug */ = {
			isa = XCBuildConfiguration;
			buildSettings = {
				ALWAYS_SEARCH_USER_PATHS = NO;
				ARCHS = "$(ARCHS_STANDARD_32_BIT)";
				CLANG_ENABLE_OBJC_ARC = YES;
				CODE_SIGN_IDENTITY = "iPhone Developer";
				"CODE_SIGN_IDENTITY[sdk=iphoneos*]" = "iPhone Developer";
				COPY_PHASE_STRIP = NO;
				GCC_C_LANGUAGE_STANDARD = gnu99;
				GCC_DYNAMIC_NO_PIC = NO;
				GCC_OPTIMIZATION_LEVEL = 0;
				GCC_PREPROCESSOR_DEFINITIONS = (
					"DEBUG=1",
					"$(inherited)",
				);
				GCC_SYMBOLS_PRIVATE_EXTERN = NO;
				GCC_VERSION = com.apple.compilers.llvm.clang.1_0;
				GCC_WARN_ABOUT_RETURN_TYPE = YES;
				GCC_WARN_UNINITIALIZED_AUTOS = YES;
				GCC_WARN_UNUSED_VARIABLE = YES;
				IPHONEOS_DEPLOYMENT_TARGET = 5.1;
				PROVISIONING_PROFILE = "";
				SDKROOT = iphoneos;
				TARGETED_DEVICE_FAMILY = "1,2";
			};
			name = Debug;
		};
		1AEE8D9A154EC82C00B8C0D7 /* Release */ = {
			isa = XCBuildConfiguration;
			buildSettings = {
				ALWAYS_SEARCH_USER_PATHS = NO;
				ARCHS = "$(ARCHS_STANDARD_32_BIT)";
				CLANG_ENABLE_OBJC_ARC = YES;
				CODE_SIGN_IDENTITY = "iPhone Developer";
				"CODE_SIGN_IDENTITY[sdk=iphoneos*]" = "iPhone Developer";
				COPY_PHASE_STRIP = YES;
				GCC_C_LANGUAGE_STANDARD = gnu99;
				GCC_VERSION = com.apple.compilers.llvm.clang.1_0;
				GCC_WARN_ABOUT_RETURN_TYPE = YES;
				GCC_WARN_UNINITIALIZED_AUTOS = YES;
				GCC_WARN_UNUSED_VARIABLE = YES;
				IPHONEOS_DEPLOYMENT_TARGET = 5.1;
				OTHER_CFLAGS = "-DNS_BLOCK_ASSERTIONS=1";
				PROVISIONING_PROFILE = "";
				SDKROOT = iphoneos;
				TARGETED_DEVICE_FAMILY = "1,2";
				VALIDATE_PRODUCT = YES;
			};
			name = Release;
		};
		1AEE8D9C154EC82C00B8C0D7 /* Debug */ = {
			isa = XCBuildConfiguration;
			buildSettings = {
				FRAMEWORK_SEARCH_PATHS = (
					"$(inherited)",
					"\"$(KIRIN_HOME)/platforms/ios/KirinKit/build/Debug-iphoneos\"",
				);
				GCC_PRECOMPILE_PREFIX_HEADER = YES;
				GCC_PREFIX_HEADER = "__project_name__/__project_name__-Prefix.pch";
				INFOPLIST_FILE = "__project_name__/__project_name__-Info.plist";
				KIRIN_BUILD_TYPE = dev;
				PRODUCT_NAME = "$(TARGET_NAME)";
				WRAPPER_EXTENSION = app;
			};
			name = Debug;
		};
		1AEE8D9D154EC82C00B8C0D7 /* Release */ = {
			isa = XCBuildConfiguration;
			buildSettings = {
				FRAMEWORK_SEARCH_PATHS = (
					"$(inherited)",
					"\"$(KIRIN_HOME)/platforms/ios/KirinKit/build/Release-iphoneos\"",
				);
				GCC_PRECOMPILE_PREFIX_HEADER = YES;
				GCC_PREFIX_HEADER = "__project_name__/__project_name__-Prefix.pch";
				INFOPLIST_FILE = "__project_name__/__project_name__-Info.plist";
				KIRIN_BUILD_TYPE = none;
				PRODUCT_NAME = "$(TARGET_NAME)";
				WRAPPER_EXTENSION = app;
			};
			name = Release;
		};
		1AEE8D9F154EC82C00B8C0D7 /* Debug */ = {
			isa = XCBuildConfiguration;
			buildSettings = {
				BUNDLE_LOADER = "$(BUILT_PRODUCTS_DIR)/__project_name__.app/__project_name__";
				FRAMEWORK_SEARCH_PATHS = (
					"$(SDKROOT)/Developer/Library/Frameworks",
					"$(DEVELOPER_LIBRARY_DIR)/Frameworks",
				);
				GCC_PRECOMPILE_PREFIX_HEADER = YES;
				GCC_PREFIX_HEADER = "__project_name__/__project_name__-Prefix.pch";
				INFOPLIST_FILE = "__project_name__Tests/__project_name__Tests-Info.plist";
				PRODUCT_NAME = "$(TARGET_NAME)";
				TEST_HOST = "$(BUNDLE_LOADER)";
				WRAPPER_EXTENSION = octest;
			};
			name = Debug;
		};
		1AEE8DA0154EC82C00B8C0D7 /* Release */ = {
			isa = XCBuildConfiguration;
			buildSettings = {
				BUNDLE_LOADER = "$(BUILT_PRODUCTS_DIR)/__project_name__.app/__project_name__";
				FRAMEWORK_SEARCH_PATHS = (
					"$(SDKROOT)/Developer/Library/Frameworks",
					"$(DEVELOPER_LIBRARY_DIR)/Frameworks",
				);
				GCC_PRECOMPILE_PREFIX_HEADER = YES;
				GCC_PREFIX_HEADER = "__project_name__/__project_name__-Prefix.pch";
				INFOPLIST_FILE = "__project_name__Tests/__project_name__Tests-Info.plist";
				PRODUCT_NAME = "$(TARGET_NAME)";
				TEST_HOST = "$(BUNDLE_LOADER)";
				WRAPPER_EXTENSION = octest;
			};
			name = Release;
		};
/* End XCBuildConfiguration section */

/* Begin XCConfigurationList section */
		1AEE8D56154EC82C00B8C0D7 /* Build configuration list for PBXProject "__project_name__" */ = {
			isa = XCConfigurationList;
			buildConfigurations = (
				1AEE8D99154EC82C00B8C0D7 /* Debug */,
				1AEE8D9A154EC82C00B8C0D7 /* Release */,
			);
			defaultConfigurationIsVisible = 0;
			defaultConfigurationName = Release;
		};
		1AEE8D9B154EC82C00B8C0D7 /* Build configuration list for PBXNativeTarget "__project_name__" */ = {
			isa = XCConfigurationList;
			buildConfigurations = (
				1AEE8D9C154EC82C00B8C0D7 /* Debug */,
				1AEE8D9D154EC82C00B8C0D7 /* Release */,
			);
			defaultConfigurationIsVisible = 0;
			defaultConfigurationName = Release;
		};
		1AEE8D9E154EC82C00B8C0D7 /* Build configuration list for PBXNativeTarget "__project_name__Tests" */ = {
			isa = XCConfigurationList;
			buildConfigurations = (
				1AEE8D9F154EC82C00B8C0D7 /* Debug */,
				1AEE8DA0154EC82C00B8C0D7 /* Release */,
			);
			defaultConfigurationIsVisible = 0;
			defaultConfigurationName = Release;
		};
/* End XCConfigurationList section */
	};
	rootObject = 1AEE8D53154EC82C00B8C0D7 /* Project object */;
}
