// !$*UTF8*$!
{
	archiveVersion = 1;
	classes = {
	};
	objectVersion = 46;
	objects = {

/* Begin PBXBuildFile section */
		1A0FFF6414E5338900621035 /* KirinKit.framework in Frameworks */ = {isa = PBXBuildFile; fileRef = 1A0FFF6314E5338900621035 /* KirinKit.framework */; };
		1A0FFF6514E533B900621035 /* KirinKit.framework in Frameworks */ = {isa = PBXBuildFile; fileRef = 1A0FFF6314E5338900621035 /* KirinKit.framework */; };
		1A0FFF6714E5351E00621035 /* MobileCoreServices.framework in Frameworks */ = {isa = PBXBuildFile; fileRef = 1A0FFF6614E5351E00621035 /* MobileCoreServices.framework */; };
		1A0FFF6914E5352800621035 /* libsqlite3.0.dylib in Frameworks */ = {isa = PBXBuildFile; fileRef = 1A0FFF6814E5352800621035 /* libsqlite3.0.dylib */; };
		1A0FFF6D14E5366500621035 /* generated-javascript in Resources */ = {isa = PBXBuildFile; fileRef = 1A0FFF6C14E5366500621035 /* generated-javascript */; };
		1AB1253614E5301E00933949 /* UIKit.framework in Frameworks */ = {isa = PBXBuildFile; fileRef = 1AB1253514E5301E00933949 /* UIKit.framework */; };
		1AB1253814E5301E00933949 /* Foundation.framework in Frameworks */ = {isa = PBXBuildFile; fileRef = 1AB1253714E5301E00933949 /* Foundation.framework */; };
		1AB1253A14E5301E00933949 /* CoreGraphics.framework in Frameworks */ = {isa = PBXBuildFile; fileRef = 1AB1253914E5301E00933949 /* CoreGraphics.framework */; };
		1AB1254014E5301E00933949 /* InfoPlist.strings in Resources */ = {isa = PBXBuildFile; fileRef = 1AB1253E14E5301E00933949 /* InfoPlist.strings */; };
		1AB1254214E5301E00933949 /* main.m in Sources */ = {isa = PBXBuildFile; fileRef = 1AB1254114E5301E00933949 /* main.m */; };
		1AB1254614E5301E00933949 /* KDAppDelegate.m in Sources */ = {isa = PBXBuildFile; fileRef = 1AB1254514E5301E00933949 /* KDAppDelegate.m */; };
		1AB1254914E5301E00933949 /* KDViewController.m in Sources */ = {isa = PBXBuildFile; fileRef = 1AB1254814E5301E00933949 /* KDViewController.m */; };
		1AB1254C14E5301E00933949 /* KDViewController_iPhone.xib in Resources */ = {isa = PBXBuildFile; fileRef = 1AB1254A14E5301E00933949 /* KDViewController_iPhone.xib */; };
		1AB1254F14E5301E00933949 /* KDViewController_iPad.xib in Resources */ = {isa = PBXBuildFile; fileRef = 1AB1254D14E5301E00933949 /* KDViewController_iPad.xib */; };
		1AB1255714E5301E00933949 /* SenTestingKit.framework in Frameworks */ = {isa = PBXBuildFile; fileRef = 1AB1255614E5301E00933949 /* SenTestingKit.framework */; };
		1AB1255814E5301E00933949 /* UIKit.framework in Frameworks */ = {isa = PBXBuildFile; fileRef = 1AB1253514E5301E00933949 /* UIKit.framework */; };
		1AB1255914E5301E00933949 /* Foundation.framework in Frameworks */ = {isa = PBXBuildFile; fileRef = 1AB1253714E5301E00933949 /* Foundation.framework */; };
		1AB1256114E5301E00933949 /* InfoPlist.strings in Resources */ = {isa = PBXBuildFile; fileRef = 1AB1255F14E5301E00933949 /* InfoPlist.strings */; };
		1AB1256414E5301E00933949 /* KirinNetworkingTests.m in Sources */ = {isa = PBXBuildFile; fileRef = 1AB1256314E5301E00933949 /* KirinNetworkingTests.m */; };
/* End PBXBuildFile section */

/* Begin PBXContainerItemProxy section */
		1AB1255A14E5301E00933949 /* PBXContainerItemProxy */ = {
			isa = PBXContainerItemProxy;
			containerPortal = 1AB1252814E5301E00933949 /* Project object */;
			proxyType = 1;
			remoteGlobalIDString = 1AB1253014E5301E00933949;
			remoteInfo = KirinNetworking;
		};
/* End PBXContainerItemProxy section */

/* Begin PBXFileReference section */
		1A0FFF6314E5338900621035 /* KirinKit.framework */ = {isa = PBXFileReference; lastKnownFileType = wrapper.framework; name = KirinKit.framework; path = "core/ios/KirinKit/build/Debug-iphoneos/KirinKit.framework"; sourceTree = KIRIN_HOME; };
		1A0FFF6614E5351E00621035 /* MobileCoreServices.framework */ = {isa = PBXFileReference; lastKnownFileType = wrapper.framework; name = MobileCoreServices.framework; path = System/Library/Frameworks/MobileCoreServices.framework; sourceTree = SDKROOT; };
		1A0FFF6814E5352800621035 /* libsqlite3.0.dylib */ = {isa = PBXFileReference; lastKnownFileType = "compiled.mach-o.dylib"; name = libsqlite3.0.dylib; path = usr/lib/libsqlite3.0.dylib; sourceTree = SDKROOT; };
		1A0FFF6C14E5366500621035 /* generated-javascript */ = {isa = PBXFileReference; lastKnownFileType = folder; path = "generated-javascript"; sourceTree = "<group>"; };
		1AB1253114E5301E00933949 /* KirinNetworking.app */ = {isa = PBXFileReference; explicitFileType = wrapper.application; includeInIndex = 0; path = KirinNetworking.app; sourceTree = BUILT_PRODUCTS_DIR; };
		1AB1253514E5301E00933949 /* UIKit.framework */ = {isa = PBXFileReference; lastKnownFileType = wrapper.framework; name = UIKit.framework; path = System/Library/Frameworks/UIKit.framework; sourceTree = SDKROOT; };
		1AB1253714E5301E00933949 /* Foundation.framework */ = {isa = PBXFileReference; lastKnownFileType = wrapper.framework; name = Foundation.framework; path = System/Library/Frameworks/Foundation.framework; sourceTree = SDKROOT; };
		1AB1253914E5301E00933949 /* CoreGraphics.framework */ = {isa = PBXFileReference; lastKnownFileType = wrapper.framework; name = CoreGraphics.framework; path = System/Library/Frameworks/CoreGraphics.framework; sourceTree = SDKROOT; };
		1AB1253D14E5301E00933949 /* KirinNetworking-Info.plist */ = {isa = PBXFileReference; lastKnownFileType = text.plist.xml; path = "KirinNetworking-Info.plist"; sourceTree = "<group>"; };
		1AB1253F14E5301E00933949 /* en */ = {isa = PBXFileReference; lastKnownFileType = text.plist.strings; name = en; path = en.lproj/InfoPlist.strings; sourceTree = "<group>"; };
		1AB1254114E5301E00933949 /* main.m */ = {isa = PBXFileReference; lastKnownFileType = sourcecode.c.objc; path = main.m; sourceTree = "<group>"; };
		1AB1254314E5301E00933949 /* KirinNetworking-Prefix.pch */ = {isa = PBXFileReference; lastKnownFileType = sourcecode.c.h; path = "KirinNetworking-Prefix.pch"; sourceTree = "<group>"; };
		1AB1254414E5301E00933949 /* KDAppDelegate.h */ = {isa = PBXFileReference; lastKnownFileType = sourcecode.c.h; path = KDAppDelegate.h; sourceTree = "<group>"; };
		1AB1254514E5301E00933949 /* KDAppDelegate.m */ = {isa = PBXFileReference; lastKnownFileType = sourcecode.c.objc; path = KDAppDelegate.m; sourceTree = "<group>"; };
		1AB1254714E5301E00933949 /* KDViewController.h */ = {isa = PBXFileReference; lastKnownFileType = sourcecode.c.h; path = KDViewController.h; sourceTree = "<group>"; };
		1AB1254814E5301E00933949 /* KDViewController.m */ = {isa = PBXFileReference; lastKnownFileType = sourcecode.c.objc; path = KDViewController.m; sourceTree = "<group>"; };
		1AB1254B14E5301E00933949 /* en */ = {isa = PBXFileReference; lastKnownFileType = file.xib; name = en; path = en.lproj/KDViewController_iPhone.xib; sourceTree = "<group>"; };
		1AB1254E14E5301E00933949 /* en */ = {isa = PBXFileReference; lastKnownFileType = file.xib; name = en; path = en.lproj/KDViewController_iPad.xib; sourceTree = "<group>"; };
		1AB1255514E5301E00933949 /* KirinNetworkingTests.octest */ = {isa = PBXFileReference; explicitFileType = wrapper.cfbundle; includeInIndex = 0; path = KirinNetworkingTests.octest; sourceTree = BUILT_PRODUCTS_DIR; };
		1AB1255614E5301E00933949 /* SenTestingKit.framework */ = {isa = PBXFileReference; lastKnownFileType = wrapper.framework; name = SenTestingKit.framework; path = Library/Frameworks/SenTestingKit.framework; sourceTree = DEVELOPER_DIR; };
		1AB1255E14E5301E00933949 /* KirinNetworkingTests-Info.plist */ = {isa = PBXFileReference; lastKnownFileType = text.plist.xml; path = "KirinNetworkingTests-Info.plist"; sourceTree = "<group>"; };
		1AB1256014E5301E00933949 /* en */ = {isa = PBXFileReference; lastKnownFileType = text.plist.strings; name = en; path = en.lproj/InfoPlist.strings; sourceTree = "<group>"; };
		1AB1256214E5301E00933949 /* KirinNetworkingTests.h */ = {isa = PBXFileReference; lastKnownFileType = sourcecode.c.h; path = KirinNetworkingTests.h; sourceTree = "<group>"; };
		1AB1256314E5301E00933949 /* KirinNetworkingTests.m */ = {isa = PBXFileReference; lastKnownFileType = sourcecode.c.objc; path = KirinNetworkingTests.m; sourceTree = "<group>"; };
/* End PBXFileReference section */

/* Begin PBXFrameworksBuildPhase section */
		1AB1252E14E5301E00933949 /* Frameworks */ = {
			isa = PBXFrameworksBuildPhase;
			buildActionMask = 2147483647;
			files = (
				1A0FFF6914E5352800621035 /* libsqlite3.0.dylib in Frameworks */,
				1A0FFF6714E5351E00621035 /* MobileCoreServices.framework in Frameworks */,
				1A0FFF6414E5338900621035 /* KirinKit.framework in Frameworks */,
				1AB1253614E5301E00933949 /* UIKit.framework in Frameworks */,
				1AB1253814E5301E00933949 /* Foundation.framework in Frameworks */,
				1AB1253A14E5301E00933949 /* CoreGraphics.framework in Frameworks */,
			);
			runOnlyForDeploymentPostprocessing = 0;
		};
		1AB1255114E5301E00933949 /* Frameworks */ = {
			isa = PBXFrameworksBuildPhase;
			buildActionMask = 2147483647;
			files = (
				1AB1255714E5301E00933949 /* SenTestingKit.framework in Frameworks */,
				1AB1255814E5301E00933949 /* UIKit.framework in Frameworks */,
				1AB1255914E5301E00933949 /* Foundation.framework in Frameworks */,
				1A0FFF6514E533B900621035 /* KirinKit.framework in Frameworks */,
			);
			runOnlyForDeploymentPostprocessing = 0;
		};
/* End PBXFrameworksBuildPhase section */

/* Begin PBXGroup section */
		1AB1252614E5301E00933949 = {
			isa = PBXGroup;
			children = (
				1A0FFF6C14E5366500621035 /* generated-javascript */,
				1AB1253B14E5301E00933949 /* KirinNetworking */,
				1AB1255C14E5301E00933949 /* KirinNetworkingTests */,
				1AB1253414E5301E00933949 /* Frameworks */,
				1AB1253214E5301E00933949 /* Products */,
			);
			sourceTree = "<group>";
		};
		1AB1253214E5301E00933949 /* Products */ = {
			isa = PBXGroup;
			children = (
				1AB1253114E5301E00933949 /* KirinNetworking.app */,
				1AB1255514E5301E00933949 /* KirinNetworkingTests.octest */,
			);
			name = Products;
			sourceTree = "<group>";
		};
		1AB1253414E5301E00933949 /* Frameworks */ = {
			isa = PBXGroup;
			children = (
				1A0FFF6314E5338900621035 /* KirinKit.framework */,
				1A0FFF6814E5352800621035 /* libsqlite3.0.dylib */,
				1A0FFF6614E5351E00621035 /* MobileCoreServices.framework */,
				1AB1253514E5301E00933949 /* UIKit.framework */,
				1AB1253714E5301E00933949 /* Foundation.framework */,
				1AB1253914E5301E00933949 /* CoreGraphics.framework */,
				1AB1255614E5301E00933949 /* SenTestingKit.framework */,
			);
			name = Frameworks;
			sourceTree = "<group>";
		};
		1AB1253B14E5301E00933949 /* KirinNetworking */ = {
			isa = PBXGroup;
			children = (
				1AB1254414E5301E00933949 /* KDAppDelegate.h */,
				1AB1254514E5301E00933949 /* KDAppDelegate.m */,
				1AB1254714E5301E00933949 /* KDViewController.h */,
				1AB1254814E5301E00933949 /* KDViewController.m */,
				1AB1254A14E5301E00933949 /* KDViewController_iPhone.xib */,
				1AB1254D14E5301E00933949 /* KDViewController_iPad.xib */,
				1AB1253C14E5301E00933949 /* Supporting Files */,
			);
			path = KirinNetworking;
			sourceTree = "<group>";
		};
		1AB1253C14E5301E00933949 /* Supporting Files */ = {
			isa = PBXGroup;
			children = (
				1AB1253D14E5301E00933949 /* KirinNetworking-Info.plist */,
				1AB1253E14E5301E00933949 /* InfoPlist.strings */,
				1AB1254114E5301E00933949 /* main.m */,
				1AB1254314E5301E00933949 /* KirinNetworking-Prefix.pch */,
			);
			name = "Supporting Files";
			sourceTree = "<group>";
		};
		1AB1255C14E5301E00933949 /* KirinNetworkingTests */ = {
			isa = PBXGroup;
			children = (
				1AB1256214E5301E00933949 /* KirinNetworkingTests.h */,
				1AB1256314E5301E00933949 /* KirinNetworkingTests.m */,
				1AB1255D14E5301E00933949 /* Supporting Files */,
			);
			path = KirinNetworkingTests;
			sourceTree = "<group>";
		};
		1AB1255D14E5301E00933949 /* Supporting Files */ = {
			isa = PBXGroup;
			children = (
				1AB1255E14E5301E00933949 /* KirinNetworkingTests-Info.plist */,
				1AB1255F14E5301E00933949 /* InfoPlist.strings */,
			);
			name = "Supporting Files";
			sourceTree = "<group>";
		};
/* End PBXGroup section */

/* Begin PBXNativeTarget section */
		1AB1253014E5301E00933949 /* KirinNetworking */ = {
			isa = PBXNativeTarget;
			buildConfigurationList = 1AB1256714E5301E00933949 /* Build configuration list for PBXNativeTarget "KirinNetworking" */;
			buildPhases = (
				1A0FFF6A14E5355E00621035 /* ShellScript */,
				1AB1252D14E5301E00933949 /* Sources */,
				1AB1252E14E5301E00933949 /* Frameworks */,
				1AB1252F14E5301E00933949 /* Resources */,
			);
			buildRules = (
			);
			dependencies = (
			);
			name = KirinNetworking;
			productName = KirinNetworking;
			productReference = 1AB1253114E5301E00933949 /* KirinNetworking.app */;
			productType = "com.apple.product-type.application";
		};
		1AB1255414E5301E00933949 /* KirinNetworkingTests */ = {
			isa = PBXNativeTarget;
			buildConfigurationList = 1AB1256A14E5301E00933949 /* Build configuration list for PBXNativeTarget "KirinNetworkingTests" */;
			buildPhases = (
				1AB1255014E5301E00933949 /* Sources */,
				1AB1255114E5301E00933949 /* Frameworks */,
				1AB1255214E5301E00933949 /* Resources */,
				1AB1255314E5301E00933949 /* ShellScript */,
			);
			buildRules = (
			);
			dependencies = (
				1AB1255B14E5301E00933949 /* PBXTargetDependency */,
			);
			name = KirinNetworkingTests;
			productName = KirinNetworkingTests;
			productReference = 1AB1255514E5301E00933949 /* KirinNetworkingTests.octest */;
			productType = "com.apple.product-type.bundle";
		};
/* End PBXNativeTarget section */

/* Begin PBXProject section */
		1AB1252814E5301E00933949 /* Project object */ = {
			isa = PBXProject;
			attributes = {
				LastUpgradeCheck = 0420;
			};
			buildConfigurationList = 1AB1252B14E5301E00933949 /* Build configuration list for PBXProject "KirinNetworking" */;
			compatibilityVersion = "Xcode 3.2";
			developmentRegion = English;
			hasScannedForEncodings = 0;
			knownRegions = (
				en,
			);
			mainGroup = 1AB1252614E5301E00933949;
			productRefGroup = 1AB1253214E5301E00933949 /* Products */;
			projectDirPath = "";
			projectRoot = "";
			targets = (
				1AB1253014E5301E00933949 /* KirinNetworking */,
				1AB1255414E5301E00933949 /* KirinNetworkingTests */,
			);
		};
/* End PBXProject section */

/* Begin PBXResourcesBuildPhase section */
		1AB1252F14E5301E00933949 /* Resources */ = {
			isa = PBXResourcesBuildPhase;
			buildActionMask = 2147483647;
			files = (
				1AB1254014E5301E00933949 /* InfoPlist.strings in Resources */,
				1AB1254C14E5301E00933949 /* KDViewController_iPhone.xib in Resources */,
				1AB1254F14E5301E00933949 /* KDViewController_iPad.xib in Resources */,
				1A0FFF6D14E5366500621035 /* generated-javascript in Resources */,
			);
			runOnlyForDeploymentPostprocessing = 0;
		};
		1AB1255214E5301E00933949 /* Resources */ = {
			isa = PBXResourcesBuildPhase;
			buildActionMask = 2147483647;
			files = (
				1AB1256114E5301E00933949 /* InfoPlist.strings in Resources */,
			);
			runOnlyForDeploymentPostprocessing = 0;
		};
/* End PBXResourcesBuildPhase section */

/* Begin PBXShellScriptBuildPhase section */
		1A0FFF6A14E5355E00621035 /* ShellScript */ = {
			isa = PBXShellScriptBuildPhase;
			buildActionMask = 2147483647;
			files = (
			);
			inputPaths = (
			);
			outputPaths = (
			);
			runOnlyForDeploymentPostprocessing = 0;
			shellPath = /bin/sh;
			shellScript = "$NODE ../../build.js --platform ios --build-type $KIRIN_BUILD_TYPE --verbose";
		};
		1AB1255314E5301E00933949 /* ShellScript */ = {
			isa = PBXShellScriptBuildPhase;
			buildActionMask = 2147483647;
			files = (
			);
			inputPaths = (
			);
			outputPaths = (
			);
			runOnlyForDeploymentPostprocessing = 0;
			shellPath = /bin/sh;
			shellScript = "# Run the unit tests in this test bundle.\n\"${SYSTEM_DEVELOPER_DIR}/Tools/RunUnitTests\"\n";
		};
/* End PBXShellScriptBuildPhase section */

/* Begin PBXSourcesBuildPhase section */
		1AB1252D14E5301E00933949 /* Sources */ = {
			isa = PBXSourcesBuildPhase;
			buildActionMask = 2147483647;
			files = (
				1AB1254214E5301E00933949 /* main.m in Sources */,
				1AB1254614E5301E00933949 /* KDAppDelegate.m in Sources */,
				1AB1254914E5301E00933949 /* KDViewController.m in Sources */,
			);
			runOnlyForDeploymentPostprocessing = 0;
		};
		1AB1255014E5301E00933949 /* Sources */ = {
			isa = PBXSourcesBuildPhase;
			buildActionMask = 2147483647;
			files = (
				1AB1256414E5301E00933949 /* KirinNetworkingTests.m in Sources */,
			);
			runOnlyForDeploymentPostprocessing = 0;
		};
/* End PBXSourcesBuildPhase section */

/* Begin PBXTargetDependency section */
		1AB1255B14E5301E00933949 /* PBXTargetDependency */ = {
			isa = PBXTargetDependency;
			target = 1AB1253014E5301E00933949 /* KirinNetworking */;
			targetProxy = 1AB1255A14E5301E00933949 /* PBXContainerItemProxy */;
		};
/* End PBXTargetDependency section */

/* Begin PBXVariantGroup section */
		1AB1253E14E5301E00933949 /* InfoPlist.strings */ = {
			isa = PBXVariantGroup;
			children = (
				1AB1253F14E5301E00933949 /* en */,
			);
			name = InfoPlist.strings;
			sourceTree = "<group>";
		};
		1AB1254A14E5301E00933949 /* KDViewController_iPhone.xib */ = {
			isa = PBXVariantGroup;
			children = (
				1AB1254B14E5301E00933949 /* en */,
			);
			name = KDViewController_iPhone.xib;
			sourceTree = "<group>";
		};
		1AB1254D14E5301E00933949 /* KDViewController_iPad.xib */ = {
			isa = PBXVariantGroup;
			children = (
				1AB1254E14E5301E00933949 /* en */,
			);
			name = KDViewController_iPad.xib;
			sourceTree = "<group>";
		};
		1AB1255F14E5301E00933949 /* InfoPlist.strings */ = {
			isa = PBXVariantGroup;
			children = (
				1AB1256014E5301E00933949 /* en */,
			);
			name = InfoPlist.strings;
			sourceTree = "<group>";
		};
/* End PBXVariantGroup section */

/* Begin XCBuildConfiguration section */
		1AB1256514E5301E00933949 /* Debug */ = {
			isa = XCBuildConfiguration;
			buildSettings = {
				ALWAYS_SEARCH_USER_PATHS = NO;
				ARCHS = "$(ARCHS_STANDARD_32_BIT)";
				"CODE_SIGN_IDENTITY[sdk=iphoneos*]" = "iPhone Developer";
				COPY_PHASE_STRIP = NO;
				GCC_C_LANGUAGE_STANDARD = gnu99;
				GCC_DYNAMIC_NO_PIC = NO;
				GCC_OPTIMIZATION_LEVEL = 0;
				GCC_PREPROCESSOR_DEFINITIONS = (
					"DEBUG=1",
					"$(inherited)",
				);
				GCC_SYMBOLS_PRIVATE_EXTERN = NO;
				GCC_VERSION = com.apple.compilers.llvm.clang.1_0;
				GCC_WARN_ABOUT_MISSING_PROTOTYPES = YES;
				GCC_WARN_ABOUT_RETURN_TYPE = YES;
				GCC_WARN_UNUSED_VARIABLE = YES;
				IPHONEOS_DEPLOYMENT_TARGET = 5.0;
				SDKROOT = iphoneos;
				TARGETED_DEVICE_FAMILY = "1,2";
			};
			name = Debug;
		};
		1AB1256614E5301E00933949 /* Release */ = {
			isa = XCBuildConfiguration;
			buildSettings = {
				ALWAYS_SEARCH_USER_PATHS = NO;
				ARCHS = "$(ARCHS_STANDARD_32_BIT)";
				"CODE_SIGN_IDENTITY[sdk=iphoneos*]" = "iPhone Developer";
				COPY_PHASE_STRIP = YES;
				GCC_C_LANGUAGE_STANDARD = gnu99;
				GCC_VERSION = com.apple.compilers.llvm.clang.1_0;
				GCC_WARN_ABOUT_MISSING_PROTOTYPES = YES;
				GCC_WARN_ABOUT_RETURN_TYPE = YES;
				GCC_WARN_UNUSED_VARIABLE = YES;
				IPHONEOS_DEPLOYMENT_TARGET = 5.0;
				OTHER_CFLAGS = "-DNS_BLOCK_ASSERTIONS=1";
				SDKROOT = iphoneos;
				TARGETED_DEVICE_FAMILY = "1,2";
				VALIDATE_PRODUCT = YES;
			};
			name = Release;
		};
		1AB1256814E5301E00933949 /* Debug */ = {
			isa = XCBuildConfiguration;
			buildSettings = {
				FRAMEWORK_SEARCH_PATHS = "$(KIRIN_HOME)/core/ios/KirinKit/build/Debug-iphoneos";
				GCC_PRECOMPILE_PREFIX_HEADER = YES;
				GCC_PREFIX_HEADER = "KirinNetworking/KirinNetworking-Prefix.pch";
				INFOPLIST_FILE = "KirinNetworking/KirinNetworking-Info.plist";
				KIRIN_BUILD_TYPE = developer;
				PRODUCT_NAME = "$(TARGET_NAME)";
				WRAPPER_EXTENSION = app;
			};
			name = Debug;
		};
		1AB1256914E5301E00933949 /* Release */ = {
			isa = XCBuildConfiguration;
			buildSettings = {
				FRAMEWORK_SEARCH_PATHS = (
					"$(KIRIN_HOME)/core/ios/KirinKit/build/Release-iphoneos",
					"\"$(SRCROOT)/../../../../Kirin/core/ios/KirinKit/build/Debug-iphoneos\"",
				);
				GCC_PRECOMPILE_PREFIX_HEADER = YES;
				GCC_PREFIX_HEADER = "KirinNetworking/KirinNetworking-Prefix.pch";
				INFOPLIST_FILE = "KirinNetworking/KirinNetworking-Info.plist";
				KIRIN_BUILD_TYPE = none;
				PRODUCT_NAME = "$(TARGET_NAME)";
				WRAPPER_EXTENSION = app;
			};
			name = Release;
		};
		1AB1256B14E5301E00933949 /* Debug */ = {
			isa = XCBuildConfiguration;
			buildSettings = {
				BUNDLE_LOADER = "$(BUILT_PRODUCTS_DIR)/KirinNetworking.app/KirinNetworking";
				FRAMEWORK_SEARCH_PATHS = (
					"$(SDKROOT)/Developer/Library/Frameworks",
					"$(DEVELOPER_LIBRARY_DIR)/Frameworks",
					"\"$(SRCROOT)/../../../../Kirin/core/ios/KirinKit/build/Debug-iphoneos\"",
				);
				GCC_PRECOMPILE_PREFIX_HEADER = YES;
				GCC_PREFIX_HEADER = "KirinNetworking/KirinNetworking-Prefix.pch";
				INFOPLIST_FILE = "KirinNetworkingTests/KirinNetworkingTests-Info.plist";
				PRODUCT_NAME = "$(TARGET_NAME)";
				TEST_HOST = "$(BUNDLE_LOADER)";
				WRAPPER_EXTENSION = octest;
			};
			name = Debug;
		};
		1AB1256C14E5301E00933949 /* Release */ = {
			isa = XCBuildConfiguration;
			buildSettings = {
				BUNDLE_LOADER = "$(BUILT_PRODUCTS_DIR)/KirinNetworking.app/KirinNetworking";
				FRAMEWORK_SEARCH_PATHS = (
					"$(SDKROOT)/Developer/Library/Frameworks",
					"$(DEVELOPER_LIBRARY_DIR)/Frameworks",
					"\"$(SRCROOT)/../../../../Kirin/core/ios/KirinKit/build/Debug-iphoneos\"",
				);
				GCC_PRECOMPILE_PREFIX_HEADER = YES;
				GCC_PREFIX_HEADER = "KirinNetworking/KirinNetworking-Prefix.pch";
				INFOPLIST_FILE = "KirinNetworkingTests/KirinNetworkingTests-Info.plist";
				PRODUCT_NAME = "$(TARGET_NAME)";
				TEST_HOST = "$(BUNDLE_LOADER)";
				WRAPPER_EXTENSION = octest;
			};
			name = Release;
		};
/* End XCBuildConfiguration section */

/* Begin XCConfigurationList section */
		1AB1252B14E5301E00933949 /* Build configuration list for PBXProject "KirinNetworking" */ = {
			isa = XCConfigurationList;
			buildConfigurations = (
				1AB1256514E5301E00933949 /* Debug */,
				1AB1256614E5301E00933949 /* Release */,
			);
			defaultConfigurationIsVisible = 0;
			defaultConfigurationName = Release;
		};
		1AB1256714E5301E00933949 /* Build configuration list for PBXNativeTarget "KirinNetworking" */ = {
			isa = XCConfigurationList;
			buildConfigurations = (
				1AB1256814E5301E00933949 /* Debug */,
				1AB1256914E5301E00933949 /* Release */,
			);
			defaultConfigurationIsVisible = 0;
			defaultConfigurationName = Release;
		};
		1AB1256A14E5301E00933949 /* Build configuration list for PBXNativeTarget "KirinNetworkingTests" */ = {
			isa = XCConfigurationList;
			buildConfigurations = (
				1AB1256B14E5301E00933949 /* Debug */,
				1AB1256C14E5301E00933949 /* Release */,
			);
			defaultConfigurationIsVisible = 0;
			defaultConfigurationName = Release;
		};
/* End XCConfigurationList section */
	};
	rootObject = 1AB1252814E5301E00933949 /* Project object */;
}
